{
  "lockfileVersion": 1,
  "configVersion": 0,
  "workspaces": {
    "": {
      "name": "yvee",
      "devDependencies": {
        "@coff-r/oven": "link:@coff-r/oven",
        "@coff-r/x": "link:@coff-r/x",
      },
      "peerDependencies": {
        "typescript": "^5.7.3",
      },
    },
  },
  "packages": {
    "@coff-r/oven": ["@coff-r/oven@link:@coff-r/oven", {}],

    "@coff-r/x": ["@coff-r/x@link:@coff-r/x", {}],

    "typescript": ["typescript@5.7.3", "", { "bin": { "tsc": "bin/tsc", "tsserver": "bin/tsserver" } }, "sha512-84MVSjMEHP+FQRPy3pX9sTVV/INIex71s9TL2Gm5FG/WG1SqXeKyZ0k7/blY/4FdOzI12CBy1vGc4og/eus0fw=="],
  }
}
