{
  "lockfileVersion": 1,
  "workspaces": {
    "": {
      "name": "yvee",
      "devDependencies": {
        "rollup": "^4.46.2",
        "rollup-plugin-dts": "^6.2.1",
      },
      "peerDependencies": {
        "typescript": "^5.7.3",
      },
    },
  },
  "packages": {
    "@babel/code-frame": ["@babel/code-frame@7.27.1", "", { "dependencies": { "@babel/helper-validator-identifier": "^7.27.1", "js-tokens": "^4.0.0", "picocolors": "^1.1.1" } }, "sha512-cjQ7ZlQ0Mv3b47hABuTevyTuYN4i+loJKGeV9flcCgIK37cCXRh+L1bd3iBHlynerhQ7BhCkn2BPbQUL+rGqFg=="],

    "@babel/helper-validator-identifier": ["@babel/helper-validator-identifier@7.27.1", "", {}, "sha512-D2hP9eA+Sqx1kBZgzxZh0y1trbuU+JoDkiEwqhQ36nodYqJwyEIhPSdMNd7lOm/4io72luTPWH20Yda0xOuUow=="],

    "@jridgewell/sourcemap-codec": ["@jridgewell/sourcemap-codec@1.5.0", "", {}, "sha512-gv3ZRaISU3fjPAgNsriBRqGWQL6quFx04YMPW/zD8XMLsU32mhCCbfbO6KZFLjvYpCZ8zyDEgqsgf+PwPaM7GQ=="],

    "@rollup/rollup-android-arm-eabi": ["@rollup/rollup-android-arm-eabi@4.47.1", "", { "os": "android", "cpu": "arm" }, "sha512-lTahKRJip0knffA/GTNFJMrToD+CM+JJ+Qt5kjzBK/sFQ0EWqfKW3AYQSlZXN98tX0lx66083U9JYIMioMMK7g=="],

    "@rollup/rollup-android-arm64": ["@rollup/rollup-android-arm64@4.47.1", "", { "os": "android", "cpu": "arm64" }, "sha512-uqxkb3RJLzlBbh/bbNQ4r7YpSZnjgMgyoEOY7Fy6GCbelkDSAzeiogxMG9TfLsBbqmGsdDObo3mzGqa8hps4MA=="],

    "@rollup/rollup-darwin-arm64": ["@rollup/rollup-darwin-arm64@4.47.1", "", { "os": "darwin", "cpu": "arm64" }, "sha512-tV6reObmxBDS4DDyLzTDIpymthNlxrLBGAoQx6m2a7eifSNEZdkXQl1PE4ZjCkEDPVgNXSzND/k9AQ3mC4IOEQ=="],

    "@rollup/rollup-darwin-x64": ["@rollup/rollup-darwin-x64@4.47.1", "", { "os": "darwin", "cpu": "x64" }, "sha512-XuJRPTnMk1lwsSnS3vYyVMu4x/+WIw1MMSiqj5C4j3QOWsMzbJEK90zG+SWV1h0B1ABGCQ0UZUjti+TQK35uHQ=="],

    "@rollup/rollup-freebsd-arm64": ["@rollup/rollup-freebsd-arm64@4.47.1", "", { "os": "freebsd", "cpu": "arm64" }, "sha512-79BAm8Ag/tmJ5asCqgOXsb3WY28Rdd5Lxj8ONiQzWzy9LvWORd5qVuOnjlqiWWZJw+dWewEktZb5yiM1DLLaHw=="],

    "@rollup/rollup-freebsd-x64": ["@rollup/rollup-freebsd-x64@4.47.1", "", { "os": "freebsd", "cpu": "x64" }, "sha512-OQ2/ZDGzdOOlyfqBiip0ZX/jVFekzYrGtUsqAfLDbWy0jh1PUU18+jYp8UMpqhly5ltEqotc2miLngf9FPSWIA=="],

    "@rollup/rollup-linux-arm-gnueabihf": ["@rollup/rollup-linux-arm-gnueabihf@4.47.1", "", { "os": "linux", "cpu": "arm" }, "sha512-HZZBXJL1udxlCVvoVadstgiU26seKkHbbAMLg7680gAcMnRNP9SAwTMVet02ANA94kXEI2VhBnXs4e5nf7KG2A=="],

    "@rollup/rollup-linux-arm-musleabihf": ["@rollup/rollup-linux-arm-musleabihf@4.47.1", "", { "os": "linux", "cpu": "arm" }, "sha512-sZ5p2I9UA7T950JmuZ3pgdKA6+RTBr+0FpK427ExW0t7n+QwYOcmDTK/aRlzoBrWyTpJNlS3kacgSlSTUg6P/Q=="],

    "@rollup/rollup-linux-arm64-gnu": ["@rollup/rollup-linux-arm64-gnu@4.47.1", "", { "os": "linux", "cpu": "arm64" }, "sha512-3hBFoqPyU89Dyf1mQRXCdpc6qC6At3LV6jbbIOZd72jcx7xNk3aAp+EjzAtN6sDlmHFzsDJN5yeUySvorWeRXA=="],

    "@rollup/rollup-linux-arm64-musl": ["@rollup/rollup-linux-arm64-musl@4.47.1", "", { "os": "linux", "cpu": "arm64" }, "sha512-49J4FnMHfGodJWPw73Ve+/hsPjZgcXQGkmqBGZFvltzBKRS+cvMiWNLadOMXKGnYRhs1ToTGM0sItKISoSGUNA=="],

    "@rollup/rollup-linux-loongarch64-gnu": ["@rollup/rollup-linux-loongarch64-gnu@4.47.1", "", { "os": "linux", "cpu": "none" }, "sha512-4yYU8p7AneEpQkRX03pbpLmE21z5JNys16F1BZBZg5fP9rIlb0TkeQjn5du5w4agConCCEoYIG57sNxjryHEGg=="],

    "@rollup/rollup-linux-ppc64-gnu": ["@rollup/rollup-linux-ppc64-gnu@4.47.1", "", { "os": "linux", "cpu": "ppc64" }, "sha512-fAiq+J28l2YMWgC39jz/zPi2jqc0y3GSRo1yyxlBHt6UN0yYgnegHSRPa3pnHS5amT/efXQrm0ug5+aNEu9UuQ=="],

    "@rollup/rollup-linux-riscv64-gnu": ["@rollup/rollup-linux-riscv64-gnu@4.47.1", "", { "os": "linux", "cpu": "none" }, "sha512-daoT0PMENNdjVYYU9xec30Y2prb1AbEIbb64sqkcQcSaR0zYuKkoPuhIztfxuqN82KYCKKrj+tQe4Gi7OSm1ow=="],

    "@rollup/rollup-linux-riscv64-musl": ["@rollup/rollup-linux-riscv64-musl@4.47.1", "", { "os": "linux", "cpu": "none" }, "sha512-JNyXaAhWtdzfXu5pUcHAuNwGQKevR+6z/poYQKVW+pLaYOj9G1meYc57/1Xv2u4uTxfu9qEWmNTjv/H/EpAisw=="],

    "@rollup/rollup-linux-s390x-gnu": ["@rollup/rollup-linux-s390x-gnu@4.47.1", "", { "os": "linux", "cpu": "s390x" }, "sha512-U/CHbqKSwEQyZXjCpY43/GLYcTVKEXeRHw0rMBJP7fP3x6WpYG4LTJWR3ic6TeYKX6ZK7mrhltP4ppolyVhLVQ=="],

    "@rollup/rollup-linux-x64-gnu": ["@rollup/rollup-linux-x64-gnu@4.47.1", "", { "os": "linux", "cpu": "x64" }, "sha512-uTLEakjxOTElfeZIGWkC34u2auLHB1AYS6wBjPGI00bWdxdLcCzK5awjs25YXpqB9lS8S0vbO0t9ZcBeNibA7g=="],

    "@rollup/rollup-linux-x64-musl": ["@rollup/rollup-linux-x64-musl@4.47.1", "", { "os": "linux", "cpu": "x64" }, "sha512-Ft+d/9DXs30BK7CHCTX11FtQGHUdpNDLJW0HHLign4lgMgBcPFN3NkdIXhC5r9iwsMwYreBBc4Rho5ieOmKNVQ=="],

    "@rollup/rollup-win32-arm64-msvc": ["@rollup/rollup-win32-arm64-msvc@4.47.1", "", { "os": "win32", "cpu": "arm64" }, "sha512-N9X5WqGYzZnjGAFsKSfYFtAShYjwOmFJoWbLg3dYixZOZqU7hdMq+/xyS14zKLhFhZDhP9VfkzQnsdk0ZDS9IA=="],

    "@rollup/rollup-win32-ia32-msvc": ["@rollup/rollup-win32-ia32-msvc@4.47.1", "", { "os": "win32", "cpu": "ia32" }, "sha512-O+KcfeCORZADEY8oQJk4HK8wtEOCRE4MdOkb8qGZQNun3jzmj2nmhV/B/ZaaZOkPmJyvm/gW9n0gsB4eRa1eiQ=="],

    "@rollup/rollup-win32-x64-msvc": ["@rollup/rollup-win32-x64-msvc@4.47.1", "", { "os": "win32", "cpu": "x64" }, "sha512-CpKnYa8eHthJa3c+C38v/E+/KZyF1Jdh2Cz3DyKZqEWYgrM1IHFArXNWvBLPQCKUEsAqqKX27tTqVEFbDNUcOA=="],

    "@types/estree": ["@types/estree@1.0.8", "", {}, "sha512-dWHzHa2WqEXI/O1E9OjrocMTKJl2mSrEolh1Iomrv6U+JuNwaHXsXx9bLu5gG7BUWFIN0skIQJQ/L1rIex4X6w=="],

    "fsevents": ["fsevents@2.3.3", "", { "os": "darwin" }, "sha512-5xoDfX+fL7faATnagmWPpbFtwh/R77WmMMqqHGS65C3vvB0YHrgF+B1YmZ3441tMj5n63k0212XNoJwzlhffQw=="],

    "js-tokens": ["js-tokens@4.0.0", "", {}, "sha512-RdJUflcE3cUzKiMqQgsCu06FPu9UdIJO0beYbPhHN4k6apgJtifcoCtT9bcxOpYBtpD2kCM6Sbzg4CausW/PKQ=="],

    "magic-string": ["magic-string@0.30.17", "", { "dependencies": { "@jridgewell/sourcemap-codec": "^1.5.0" } }, "sha512-sNPKHvyjVf7gyjwS4xGTaW/mCnF8wnjtifKBEhxfZ7E/S8tQ0rssrwGNn6q8JH/ohItJfSQp9mBtQYuTlH5QnA=="],

    "picocolors": ["picocolors@1.1.1", "", {}, "sha512-xceH2snhtb5M9liqDsmEw56le376mTZkEX/jEb/RxNFyegNul7eNslCXP9FDj/Lcu0X8KEyMceP2ntpaHrDEVA=="],

    "rollup": ["rollup@4.47.1", "", { "dependencies": { "@types/estree": "1.0.8" }, "optionalDependencies": { "@rollup/rollup-android-arm-eabi": "4.47.1", "@rollup/rollup-android-arm64": "4.47.1", "@rollup/rollup-darwin-arm64": "4.47.1", "@rollup/rollup-darwin-x64": "4.47.1", "@rollup/rollup-freebsd-arm64": "4.47.1", "@rollup/rollup-freebsd-x64": "4.47.1", "@rollup/rollup-linux-arm-gnueabihf": "4.47.1", "@rollup/rollup-linux-arm-musleabihf": "4.47.1", "@rollup/rollup-linux-arm64-gnu": "4.47.1", "@rollup/rollup-linux-arm64-musl": "4.47.1", "@rollup/rollup-linux-loongarch64-gnu": "4.47.1", "@rollup/rollup-linux-ppc64-gnu": "4.47.1", "@rollup/rollup-linux-riscv64-gnu": "4.47.1", "@rollup/rollup-linux-riscv64-musl": "4.47.1", "@rollup/rollup-linux-s390x-gnu": "4.47.1", "@rollup/rollup-linux-x64-gnu": "4.47.1", "@rollup/rollup-linux-x64-musl": "4.47.1", "@rollup/rollup-win32-arm64-msvc": "4.47.1", "@rollup/rollup-win32-ia32-msvc": "4.47.1", "@rollup/rollup-win32-x64-msvc": "4.47.1", "fsevents": "~2.3.2" }, "bin": { "rollup": "dist/bin/rollup" } }, "sha512-iasGAQoZ5dWDzULEUX3jiW0oB1qyFOepSyDyoU6S/OhVlDIwj5knI5QBa5RRQ0sK7OE0v+8VIi2JuV+G+3tfNg=="],

    "rollup-plugin-dts": ["rollup-plugin-dts@6.2.3", "", { "dependencies": { "magic-string": "^0.30.17" }, "optionalDependencies": { "@babel/code-frame": "^7.27.1" }, "peerDependencies": { "rollup": "^3.29.4 || ^4", "typescript": "^4.5 || ^5.0" } }, "sha512-UgnEsfciXSPpASuOelix7m4DrmyQgiaWBnvI0TM4GxuDh5FkqW8E5hu57bCxXB90VvR1WNfLV80yEDN18UogSA=="],

    "typescript": ["typescript@5.7.3", "", { "bin": { "tsc": "bin/tsc", "tsserver": "bin/tsserver" } }, "sha512-84MVSjMEHP+FQRPy3pX9sTVV/INIex71s9TL2Gm5FG/WG1SqXeKyZ0k7/blY/4FdOzI12CBy1vGc4og/eus0fw=="],
  }
}
